
Microsoft Visual Studio Solution File, Format Version 12.00
# Visual Studio 14
VisualStudioVersion = 14.0.24720.0
MinimumVisualStudioVersion = 10.0.40219.1
Project("{FAE04EC0-301F-11D3-BF4B-00C04F79EFBC}") = "AliceWPF", "AliceWPF\AliceWPF.csproj", "{4AAB8A22-14BA-4B42-8A41-7E453C1D58FD}"
EndProject
Project("{FAE04EC0-301F-11D3-BF4B-00C04F79EFBC}") = "Alice", "..\Alice\Alice.csproj", "{3D8FDFB8-B25C-4CCE-8680-65A2341B5280}"
	ProjectSection(ProjectDependencies) = postProject
		{9C87D82C-0E27-4995-A2CB-72BCB84EF2E2} = {9C87D82C-0E27-4995-A2CB-72BCB84EF2E2}
	EndProjectSection
EndProject
Project("{FAE04EC0-301F-11D3-BF4B-00C04F79EFBC}") = "EmotionLib", "EmotionLib\EmotionLib.csproj", "{A80BF9E5-9889-49F8-AB9F-2C98F9A1DEE9}"
EndProject
Project("{FAE04EC0-301F-11D3-BF4B-00C04F79EFBC}") = "AIMLbot", "..\AIMLbot\AIMLbot\AIMLbot.csproj", "{9C87D82C-0E27-4995-A2CB-72BCB84EF2E2}"
EndProject
Global
	GlobalSection(SolutionConfigurationPlatforms) = preSolution
		Debug|Any CPU = Debug|Any CPU
		Debug|x64 = Debug|x64
		Release|Any CPU = Release|Any CPU
		Release|x64 = Release|x64
	EndGlobalSection
	GlobalSection(ProjectConfigurationPlatforms) = postSolution
		{4AAB8A22-14BA-4B42-8A41-7E453C1D58FD}.Debug|Any CPU.ActiveCfg = Debug|Any CPU
		{4AAB8A22-14BA-4B42-8A41-7E453C1D58FD}.Debug|Any CPU.Build.0 = Debug|Any CPU
		{4AAB8A22-14BA-4B42-8A41-7E453C1D58FD}.Debug|x64.ActiveCfg = Debug|x64
		{4AAB8A22-14BA-4B42-8A41-7E453C1D58FD}.Debug|x64.Build.0 = Debug|x64
		{4AAB8A22-14BA-4B42-8A41-7E453C1D58FD}.Release|Any CPU.ActiveCfg = Release|Any CPU
		{4AAB8A22-14BA-4B42-8A41-7E453C1D58FD}.Release|Any CPU.Build.0 = Release|Any CPU
		{4AAB8A22-14BA-4B42-8A41-7E453C1D58FD}.Release|x64.ActiveCfg = Release|x64
		{4AAB8A22-14BA-4B42-8A41-7E453C1D58FD}.Release|x64.Build.0 = Release|x64
		{3D8FDFB8-B25C-4CCE-8680-65A2341B5280}.Debug|Any CPU.ActiveCfg = Debug|Any CPU
		{3D8FDFB8-B25C-4CCE-8680-65A2341B5280}.Debug|Any CPU.Build.0 = Debug|Any CPU
		{3D8FDFB8-B25C-4CCE-8680-65A2341B5280}.Debug|x64.ActiveCfg = Debug|Any CPU
		{3D8FDFB8-B25C-4CCE-8680-65A2341B5280}.Debug|x64.Build.0 = Debug|Any CPU
		{3D8FDFB8-B25C-4CCE-8680-65A2341B5280}.Release|Any CPU.ActiveCfg = Release|Any CPU
		{3D8FDFB8-B25C-4CCE-8680-65A2341B5280}.Release|Any CPU.Build.0 = Release|Any CPU
		{3D8FDFB8-B25C-4CCE-8680-65A2341B5280}.Release|x64.ActiveCfg = Release|Any CPU
		{A80BF9E5-9889-49F8-AB9F-2C98F9A1DEE9}.Debug|Any CPU.ActiveCfg = Debug|Any CPU
		{A80BF9E5-9889-49F8-AB9F-2C98F9A1DEE9}.Debug|Any CPU.Build.0 = Debug|Any CPU
		{A80BF9E5-9889-49F8-AB9F-2C98F9A1DEE9}.Debug|x64.ActiveCfg = Debug|x64
		{A80BF9E5-9889-49F8-AB9F-2C98F9A1DEE9}.Debug|x64.Build.0 = Debug|x64
		{A80BF9E5-9889-49F8-AB9F-2C98F9A1DEE9}.Release|Any CPU.ActiveCfg = Release|Any CPU
		{A80BF9E5-9889-49F8-AB9F-2C98F9A1DEE9}.Release|Any CPU.Build.0 = Release|Any CPU
		{A80BF9E5-9889-49F8-AB9F-2C98F9A1DEE9}.Release|x64.ActiveCfg = Release|x64
		{A80BF9E5-9889-49F8-AB9F-2C98F9A1DEE9}.Release|x64.Build.0 = Release|x64
		{9C87D82C-0E27-4995-A2CB-72BCB84EF2E2}.Debug|Any CPU.ActiveCfg = Debug|Any CPU
		{9C87D82C-0E27-4995-A2CB-72BCB84EF2E2}.Debug|Any CPU.Build.0 = Debug|Any CPU
		{9C87D82C-0E27-4995-A2CB-72BCB84EF2E2}.Debug|x64.ActiveCfg = Debug|Any CPU
		{9C87D82C-0E27-4995-A2CB-72BCB84EF2E2}.Debug|x64.Build.0 = Debug|Any CPU
		{9C87D82C-0E27-4995-A2CB-72BCB84EF2E2}.Release|Any CPU.ActiveCfg = Release|Any CPU
		{9C87D82C-0E27-4995-A2CB-72BCB84EF2E2}.Release|Any CPU.Build.0 = Release|Any CPU
		{9C87D82C-0E27-4995-A2CB-72BCB84EF2E2}.Release|x64.ActiveCfg = Release|Any CPU
		{9C87D82C-0E27-4995-A2CB-72BCB84EF2E2}.Release|x64.Build.0 = Release|Any CPU
	EndGlobalSection
	GlobalSection(SolutionProperties) = preSolution
		HideSolutionNode = FALSE
	EndGlobalSection
EndGlobal
